// !$*UTF8*$!
{
	archiveVersion = 1;
	classes = {
	};
	objectVersion = 46;
	objects = {

/* Begin PBXBuildFile section */
		5E60D0681BA2C23000356640 /* AppDelegate.swift in Sources */ = {isa = PBXBuildFile; fileRef = 5E60D0671BA2C23000356640 /* AppDelegate.swift */; };
		5E60D06A1BA2C23000356640 /* ViewController.swift in Sources */ = {isa = PBXBuildFile; fileRef = 5E60D0691BA2C23000356640 /* ViewController.swift */; };
		5E60D06D1BA2C23000356640 /* Main.storyboard in Resources */ = {isa = PBXBuildFile; fileRef = 5E60D06B1BA2C23000356640 /* Main.storyboard */; };
		5E60D06F1BA2C23000356640 /* Images.xcassets in Resources */ = {isa = PBXBuildFile; fileRef = 5E60D06E1BA2C23000356640 /* Images.xcassets */; };
		5E60D0721BA2C23000356640 /* LaunchScreen.xib in Resources */ = {isa = PBXBuildFile; fileRef = 5E60D0701BA2C23000356640 /* LaunchScreen.xib */; };
		5E60D07E1BA2C23000356640 /* Swifty_JSONTests.swift in Sources */ = {isa = PBXBuildFile; fileRef = 5E60D07D1BA2C23000356640 /* Swifty_JSONTests.swift */; };
		5E60D09C1BA2CFD600356640 /* IQNSArray+Sort.swift in Sources */ = {isa = PBXBuildFile; fileRef = 5E60D0891BA2CFD600356640 /* IQNSArray+Sort.swift */; };
		5E60D09D1BA2CFD600356640 /* IQUITextFieldView+Additions.swift in Sources */ = {isa = PBXBuildFile; fileRef = 5E60D08A1BA2CFD600356640 /* IQUITextFieldView+Additions.swift */; };
		5E60D09E1BA2CFD600356640 /* IQUIView+Hierarchy.swift in Sources */ = {isa = PBXBuildFile; fileRef = 5E60D08B1BA2CFD600356640 /* IQUIView+Hierarchy.swift */; };
		5E60D09F1BA2CFD600356640 /* IQUIViewController+Additions.swift in Sources */ = {isa = PBXBuildFile; fileRef = 5E60D08C1BA2CFD600356640 /* IQUIViewController+Additions.swift */; };
		5E60D0A01BA2CFD600356640 /* IQUIWindow+Hierarchy.swift in Sources */ = {isa = PBXBuildFile; fileRef = 5E60D08D1BA2CFD600356640 /* IQUIWindow+Hierarchy.swift */; };
		5E60D0A11BA2CFD600356640 /* IQKeyboardManagerConstants.swift in Sources */ = {isa = PBXBuildFile; fileRef = 5E60D08F1BA2CFD600356640 /* IQKeyboardManagerConstants.swift */; };
		5E60D0A21BA2CFD600356640 /* IQKeyboardManagerConstantsInternal.swift in Sources */ = {isa = PBXBuildFile; fileRef = 5E60D0901BA2CFD600356640 /* IQKeyboardManagerConstantsInternal.swift */; };
		5E60D0A31BA2CFD600356640 /* IQKeyboardManager.swift in Sources */ = {isa = PBXBuildFile; fileRef = 5E60D0911BA2CFD600356640 /* IQKeyboardManager.swift */; };
		5E60D0A41BA2CFD600356640 /* IQKeyboardReturnKeyHandler.swift in Sources */ = {isa = PBXBuildFile; fileRef = 5E60D0921BA2CFD600356640 /* IQKeyboardReturnKeyHandler.swift */; };
		5E60D0A51BA2CFD600356640 /* IQTextView.swift in Sources */ = {isa = PBXBuildFile; fileRef = 5E60D0941BA2CFD600356640 /* IQTextView.swift */; };
		5E60D0A61BA2CFD600356640 /* IQBarButtonItem.swift in Sources */ = {isa = PBXBuildFile; fileRef = 5E60D0961BA2CFD600356640 /* IQBarButtonItem.swift */; };
		5E60D0A71BA2CFD600356640 /* IQTitleBarButtonItem.swift in Sources */ = {isa = PBXBuildFile; fileRef = 5E60D0971BA2CFD600356640 /* IQTitleBarButtonItem.swift */; };
		5E60D0A81BA2CFD600356640 /* IQToolbar.swift in Sources */ = {isa = PBXBuildFile; fileRef = 5E60D0981BA2CFD600356640 /* IQToolbar.swift */; };
		5E60D0A91BA2CFD600356640 /* IQUIView+IQKeyboardToolbar.swift in Sources */ = {isa = PBXBuildFile; fileRef = 5E60D0991BA2CFD600356640 /* IQUIView+IQKeyboardToolbar.swift */; };
		5E60D0AA1BA2CFD600356640 /* IQKeyboardManager.bundle in Resources */ = {isa = PBXBuildFile; fileRef = 5E60D09B1BA2CFD600356640 /* IQKeyboardManager.bundle */; };
		5E60D0BB1BA2D82D00356640 /* Alamofire.framework in Frameworks */ = {isa = PBXBuildFile; fileRef = 5E60D0B41BA2D7FB00356640 /* Alamofire.framework */; };
		5E60D0BC1BA2D82D00356640 /* Alamofire.framework in Embed Frameworks */ = {isa = PBXBuildFile; fileRef = 5E60D0B41BA2D7FB00356640 /* Alamofire.framework */; settings = {ATTRIBUTES = (CodeSignOnCopy, RemoveHeadersOnCopy, ); }; };
		5E60D0C11BA2DB9200356640 /* SwiftyJSON.swift in Sources */ = {isa = PBXBuildFile; fileRef = 5E60D0C01BA2DB9200356640 /* SwiftyJSON.swift */; };
/* End PBXBuildFile section */

/* Begin PBXContainerItemProxy section */
		5E60D0781BA2C23000356640 /* PBXContainerItemProxy */ = {
			isa = PBXContainerItemProxy;
			containerPortal = 5E60D05A1BA2C23000356640 /* Project object */;
			proxyType = 1;
			remoteGlobalIDString = 5E60D0611BA2C23000356640;
			remoteInfo = "Swifty JSON";
		};
		5E60D0B31BA2D7FB00356640 /* PBXContainerItemProxy */ = {
			isa = PBXContainerItemProxy;
			containerPortal = 5E60D0AC1BA2D7FB00356640 /* Alamofire.xcodeproj */;
			proxyType = 2;
			remoteGlobalIDString = F8111E3319A95C8B0040E7D1;
			remoteInfo = "Alamofire iOS";
		};
		5E60D0B51BA2D7FB00356640 /* PBXContainerItemProxy */ = {
			isa = PBXContainerItemProxy;
			containerPortal = 5E60D0AC1BA2D7FB00356640 /* Alamofire.xcodeproj */;
			proxyType = 2;
			remoteGlobalIDString = 4DD67C0B1A5C55C900ED2280;
			remoteInfo = "Alamofire OSX";
		};
		5E60D0B71BA2D7FB00356640 /* PBXContainerItemProxy */ = {
			isa = PBXContainerItemProxy;
			containerPortal = 5E60D0AC1BA2D7FB00356640 /* Alamofire.xcodeproj */;
			proxyType = 2;
			remoteGlobalIDString = F8111E3E19A95C8B0040E7D1;
			remoteInfo = "Alamofire iOS Tests";
		};
		5E60D0B91BA2D7FB00356640 /* PBXContainerItemProxy */ = {
			isa = PBXContainerItemProxy;
			containerPortal = 5E60D0AC1BA2D7FB00356640 /* Alamofire.xcodeproj */;
			proxyType = 2;
			remoteGlobalIDString = F829C6B21A7A94F100A2CD59;
			remoteInfo = "Alamofire OSX Tests";
		};
		5E60D0BD1BA2D82D00356640 /* PBXContainerItemProxy */ = {
			isa = PBXContainerItemProxy;
			containerPortal = 5E60D0AC1BA2D7FB00356640 /* Alamofire.xcodeproj */;
			proxyType = 1;
			remoteGlobalIDString = F8111E3219A95C8B0040E7D1;
			remoteInfo = "Alamofire iOS";
		};
/* End PBXContainerItemProxy section */

/* Begin PBXCopyFilesBuildPhase section */
		5E60D0BF1BA2D82D00356640 /* Embed Frameworks */ = {
			isa = PBXCopyFilesBuildPhase;
			buildActionMask = 2147483647;
			dstPath = "";
			dstSubfolderSpec = 10;
			files = (
				5E60D0BC1BA2D82D00356640 /* Alamofire.framework in Embed Frameworks */,
			);
			name = "Embed Frameworks";
			runOnlyForDeploymentPostprocessing = 0;
		};
/* End PBXCopyFilesBuildPhase section */

/* Begin PBXFileReference section */
		5E60D0621BA2C23000356640 /* Swifty JSON.app */ = {isa = PBXFileReference; explicitFileType = wrapper.application; includeInIndex = 0; path = "Swifty JSON.app"; sourceTree = BUILT_PRODUCTS_DIR; };
		5E60D0661BA2C23000356640 /* Info.plist */ = {isa = PBXFileReference; lastKnownFileType = text.plist.xml; path = Info.plist; sourceTree = "<group>"; };
		5E60D0671BA2C23000356640 /* AppDelegate.swift */ = {isa = PBXFileReference; lastKnownFileType = sourcecode.swift; path = AppDelegate.swift; sourceTree = "<group>"; };
		5E60D0691BA2C23000356640 /* ViewController.swift */ = {isa = PBXFileReference; lastKnownFileType = sourcecode.swift; path = ViewController.swift; sourceTree = "<group>"; };
		5E60D06C1BA2C23000356640 /* Base */ = {isa = PBXFileReference; lastKnownFileType = file.storyboard; name = Base; path = Base.lproj/Main.storyboard; sourceTree = "<group>"; };
		5E60D06E1BA2C23000356640 /* Images.xcassets */ = {isa = PBXFileReference; lastKnownFileType = folder.assetcatalog; path = Images.xcassets; sourceTree = "<group>"; };
		5E60D0711BA2C23000356640 /* Base */ = {isa = PBXFileReference; lastKnownFileType = file.xib; name = Base; path = Base.lproj/LaunchScreen.xib; sourceTree = "<group>"; };
		5E60D0771BA2C23000356640 /* Swifty JSONTests.xctest */ = {isa = PBXFileReference; explicitFileType = wrapper.cfbundle; includeInIndex = 0; path = "Swifty JSONTests.xctest"; sourceTree = BUILT_PRODUCTS_DIR; };
		5E60D07C1BA2C23000356640 /* Info.plist */ = {isa = PBXFileReference; lastKnownFileType = text.plist.xml; path = Info.plist; sourceTree = "<group>"; };
		5E60D07D1BA2C23000356640 /* Swifty_JSONTests.swift */ = {isa = PBXFileReference; lastKnownFileType = sourcecode.swift; path = Swifty_JSONTests.swift; sourceTree = "<group>"; };
		5E60D0891BA2CFD600356640 /* IQNSArray+Sort.swift */ = {isa = PBXFileReference; fileEncoding = 4; lastKnownFileType = sourcecode.swift; path = "IQNSArray+Sort.swift"; sourceTree = "<group>"; };
		5E60D08A1BA2CFD600356640 /* IQUITextFieldView+Additions.swift */ = {isa = PBXFileReference; fileEncoding = 4; lastKnownFileType = sourcecode.swift; path = "IQUITextFieldView+Additions.swift"; sourceTree = "<group>"; };
		5E60D08B1BA2CFD600356640 /* IQUIView+Hierarchy.swift */ = {isa = PBXFileReference; fileEncoding = 4; lastKnownFileType = sourcecode.swift; path = "IQUIView+Hierarchy.swift"; sourceTree = "<group>"; };
		5E60D08C1BA2CFD600356640 /* IQUIViewController+Additions.swift */ = {isa = PBXFileReference; fileEncoding = 4; lastKnownFileType = sourcecode.swift; path = "IQUIViewController+Additions.swift"; sourceTree = "<group>"; };
		5E60D08D1BA2CFD600356640 /* IQUIWindow+Hierarchy.swift */ = {isa = PBXFileReference; fileEncoding = 4; lastKnownFileType = sourcecode.swift; path = "IQUIWindow+Hierarchy.swift"; sourceTree = "<group>"; };
		5E60D08F1BA2CFD600356640 /* IQKeyboardManagerConstants.swift */ = {isa = PBXFileReference; fileEncoding = 4; lastKnownFileType = sourcecode.swift; path = IQKeyboardManagerConstants.swift; sourceTree = "<group>"; };
		5E60D0901BA2CFD600356640 /* IQKeyboardManagerConstantsInternal.swift */ = {isa = PBXFileReference; fileEncoding = 4; lastKnownFileType = sourcecode.swift; path = IQKeyboardManagerConstantsInternal.swift; sourceTree = "<group>"; };
		5E60D0911BA2CFD600356640 /* IQKeyboardManager.swift */ = {isa = PBXFileReference; fileEncoding = 4; lastKnownFileType = sourcecode.swift; path = IQKeyboardManager.swift; sourceTree = "<group>"; };
		5E60D0921BA2CFD600356640 /* IQKeyboardReturnKeyHandler.swift */ = {isa = PBXFileReference; fileEncoding = 4; lastKnownFileType = sourcecode.swift; path = IQKeyboardReturnKeyHandler.swift; sourceTree = "<group>"; };
		5E60D0941BA2CFD600356640 /* IQTextView.swift */ = {isa = PBXFileReference; fileEncoding = 4; lastKnownFileType = sourcecode.swift; path = IQTextView.swift; sourceTree = "<group>"; };
		5E60D0961BA2CFD600356640 /* IQBarButtonItem.swift */ = {isa = PBXFileReference; fileEncoding = 4; lastKnownFileType = sourcecode.swift; path = IQBarButtonItem.swift; sourceTree = "<group>"; };
		5E60D0971BA2CFD600356640 /* IQTitleBarButtonItem.swift */ = {isa = PBXFileReference; fileEncoding = 4; lastKnownFileType = sourcecode.swift; path = IQTitleBarButtonItem.swift; sourceTree = "<group>"; };
		5E60D0981BA2CFD600356640 /* IQToolbar.swift */ = {isa = PBXFileReference; fileEncoding = 4; lastKnownFileType = sourcecode.swift; path = IQToolbar.swift; sourceTree = "<group>"; };
		5E60D0991BA2CFD600356640 /* IQUIView+IQKeyboardToolbar.swift */ = {isa = PBXFileReference; fileEncoding = 4; lastKnownFileType = sourcecode.swift; path = "IQUIView+IQKeyboardToolbar.swift"; sourceTree = "<group>"; };
		5E60D09B1BA2CFD600356640 /* IQKeyboardManager.bundle */ = {isa = PBXFileReference; lastKnownFileType = "wrapper.plug-in"; path = IQKeyboardManager.bundle; sourceTree = "<group>"; };
		5E60D0AC1BA2D7FB00356640 /* Alamofire.xcodeproj */ = {isa = PBXFileReference; lastKnownFileType = "wrapper.pb-project"; name = Alamofire.xcodeproj; path = "Alamofire-master/Alamofire.xcodeproj"; sourceTree = "<group>"; };
		5E60D0C01BA2DB9200356640 /* SwiftyJSON.swift */ = {isa = PBXFileReference; fileEncoding = 4; lastKnownFileType = sourcecode.swift; path = SwiftyJSON.swift; sourceTree = "<group>"; };
/* End PBXFileReference section */

/* Begin PBXFrameworksBuildPhase section */
		5E60D05F1BA2C23000356640 /* Frameworks */ = {
			isa = PBXFrameworksBuildPhase;
			buildActionMask = 2147483647;
			files = (
				5E60D0BB1BA2D82D00356640 /* Alamofire.framework in Frameworks */,
			);
			runOnlyForDeploymentPostprocessing = 0;
		};
		5E60D0741BA2C23000356640 /* Frameworks */ = {
			isa = PBXFrameworksBuildPhase;
			buildActionMask = 2147483647;
			files = (
			);
			runOnlyForDeploymentPostprocessing = 0;
		};
/* End PBXFrameworksBuildPhase section */

/* Begin PBXGroup section */
		5E60D0591BA2C23000356640 = {
			isa = PBXGroup;
			children = (
				5E60D0AC1BA2D7FB00356640 /* Alamofire.xcodeproj */,
				5E60D0641BA2C23000356640 /* Swifty JSON */,
				5E60D07A1BA2C23000356640 /* Swifty JSONTests */,
				5E60D0631BA2C23000356640 /* Products */,
			);
			sourceTree = "<group>";
		};
		5E60D0631BA2C23000356640 /* Products */ = {
			isa = PBXGroup;
			children = (
				5E60D0621BA2C23000356640 /* Swifty JSON.app */,
				5E60D0771BA2C23000356640 /* Swifty JSONTests.xctest */,
			);
			name = Products;
			sourceTree = "<group>";
		};
		5E60D0641BA2C23000356640 /* Swifty JSON */ = {
			isa = PBXGroup;
			children = (
				5E60D0671BA2C23000356640 /* AppDelegate.swift */,
				5E60D0691BA2C23000356640 /* ViewController.swift */,
				5E60D06B1BA2C23000356640 /* Main.storyboard */,
				5E60D06E1BA2C23000356640 /* Images.xcassets */,
				5E60D0701BA2C23000356640 /* LaunchScreen.xib */,
				5E60D0651BA2C23000356640 /* Supporting Files */,
			);
			path = "Swifty JSON";
			sourceTree = "<group>";
		};
		5E60D0651BA2C23000356640 /* Supporting Files */ = {
			isa = PBXGroup;
			children = (
				5E60D0C01BA2DB9200356640 /* SwiftyJSON.swift */,
				5E60D0871BA2CFD600356640 /* IQKeyboardManagerSwift */,
				5E60D0661BA2C23000356640 /* Info.plist */,
			);
			name = "Supporting Files";
			sourceTree = "<group>";
		};
		5E60D07A1BA2C23000356640 /* Swifty JSONTests */ = {
			isa = PBXGroup;
			children = (
				5E60D07D1BA2C23000356640 /* Swifty_JSONTests.swift */,
				5E60D07B1BA2C23000356640 /* Supporting Files */,
			);
			path = "Swifty JSONTests";
			sourceTree = "<group>";
		};
		5E60D07B1BA2C23000356640 /* Supporting Files */ = {
			isa = PBXGroup;
			children = (
				5E60D07C1BA2C23000356640 /* Info.plist */,
			);
			name = "Supporting Files";
			sourceTree = "<group>";
		};
		5E60D0871BA2CFD600356640 /* IQKeyboardManagerSwift */ = {
			isa = PBXGroup;
			children = (
				5E60D0881BA2CFD600356640 /* Categories */,
				5E60D08E1BA2CFD600356640 /* Constants */,
				5E60D0911BA2CFD600356640 /* IQKeyboardManager.swift */,
				5E60D0921BA2CFD600356640 /* IQKeyboardReturnKeyHandler.swift */,
				5E60D0931BA2CFD600356640 /* IQTextView */,
				5E60D0951BA2CFD600356640 /* IQToolbar */,
				5E60D09A1BA2CFD600356640 /* Resources */,
			);
			path = IQKeyboardManagerSwift;
			sourceTree = "<group>";
		};
		5E60D0881BA2CFD600356640 /* Categories */ = {
			isa = PBXGroup;
			children = (
				5E60D0891BA2CFD600356640 /* IQNSArray+Sort.swift */,
				5E60D08A1BA2CFD600356640 /* IQUITextFieldView+Additions.swift */,
				5E60D08B1BA2CFD600356640 /* IQUIView+Hierarchy.swift */,
				5E60D08C1BA2CFD600356640 /* IQUIViewController+Additions.swift */,
				5E60D08D1BA2CFD600356640 /* IQUIWindow+Hierarchy.swift */,
			);
			path = Categories;
			sourceTree = "<group>";
		};
		5E60D08E1BA2CFD600356640 /* Constants */ = {
			isa = PBXGroup;
			children = (
				5E60D08F1BA2CFD600356640 /* IQKeyboardManagerConstants.swift */,
				5E60D0901BA2CFD600356640 /* IQKeyboardManagerConstantsInternal.swift */,
			);
			path = Constants;
			sourceTree = "<group>";
		};
		5E60D0931BA2CFD600356640 /* IQTextView */ = {
			isa = PBXGroup;
			children = (
				5E60D0941BA2CFD600356640 /* IQTextView.swift */,
			);
			path = IQTextView;
			sourceTree = "<group>";
		};
		5E60D0951BA2CFD600356640 /* IQToolbar */ = {
			isa = PBXGroup;
			children = (
				5E60D0961BA2CFD600356640 /* IQBarButtonItem.swift */,
				5E60D0971BA2CFD600356640 /* IQTitleBarButtonItem.swift */,
				5E60D0981BA2CFD600356640 /* IQToolbar.swift */,
				5E60D0991BA2CFD600356640 /* IQUIView+IQKeyboardToolbar.swift */,
			);
			path = IQToolbar;
			sourceTree = "<group>";
		};
		5E60D09A1BA2CFD600356640 /* Resources */ = {
			isa = PBXGroup;
			children = (
				5E60D09B1BA2CFD600356640 /* IQKeyboardManager.bundle */,
			);
			path = Resources;
			sourceTree = "<group>";
		};
		5E60D0AD1BA2D7FB00356640 /* Products */ = {
			isa = PBXGroup;
			children = (
				5E60D0B41BA2D7FB00356640 /* Alamofire.framework */,
				5E60D0B61BA2D7FB00356640 /* Alamofire.framework */,
				5E60D0B81BA2D7FB00356640 /* Alamofire iOS Tests.xctest */,
				5E60D0BA1BA2D7FB00356640 /* Alamofire OSX Tests.xctest */,
			);
			name = Products;
			sourceTree = "<group>";
		};
/* End PBXGroup section */

/* Begin PBXNativeTarget section */
		5E60D0611BA2C23000356640 /* Swifty JSON */ = {
			isa = PBXNativeTarget;
			buildConfigurationList = 5E60D0811BA2C23000356640 /* Build configuration list for PBXNativeTarget "Swifty JSON" */;
			buildPhases = (
				5E60D05E1BA2C23000356640 /* Sources */,
				5E60D05F1BA2C23000356640 /* Frameworks */,
				5E60D0601BA2C23000356640 /* Resources */,
				5E60D0BF1BA2D82D00356640 /* Embed Frameworks */,
			);
			buildRules = (
			);
			dependencies = (
				5E60D0BE1BA2D82D00356640 /* PBXTargetDependency */,
			);
			name = "Swifty JSON";
			productName = "Swifty JSON";
			productReference = 5E60D0621BA2C23000356640 /* Swifty JSON.app */;
			productType = "com.apple.product-type.application";
		};
		5E60D0761BA2C23000356640 /* Swifty JSONTests */ = {
			isa = PBXNativeTarget;
			buildConfigurationList = 5E60D0841BA2C23000356640 /* Build configuration list for PBXNativeTarget "Swifty JSONTests" */;
			buildPhases = (
				5E60D0731BA2C23000356640 /* Sources */,
				5E60D0741BA2C23000356640 /* Frameworks */,
				5E60D0751BA2C23000356640 /* Resources */,
			);
			buildRules = (
			);
			dependencies = (
				5E60D0791BA2C23000356640 /* PBXTargetDependency */,
			);
			name = "Swifty JSONTests";
			productName = "Swifty JSONTests";
			productReference = 5E60D0771BA2C23000356640 /* Swifty JSONTests.xctest */;
			productType = "com.apple.product-type.bundle.unit-test";
		};
/* End PBXNativeTarget section */

/* Begin PBXProject section */
		5E60D05A1BA2C23000356640 /* Project object */ = {
			isa = PBXProject;
			attributes = {
				LastUpgradeCheck = 0640;
				ORGANIZATIONNAME = "GH4HUB Ghana Limited";
				TargetAttributes = {
					5E60D0611BA2C23000356640 = {
						CreatedOnToolsVersion = 6.4;
					};
					5E60D0761BA2C23000356640 = {
						CreatedOnToolsVersion = 6.4;
						TestTargetID = 5E60D0611BA2C23000356640;
					};
				};
			};
			buildConfigurationList = 5E60D05D1BA2C23000356640 /* Build configuration list for PBXProject "Swifty JSON" */;
			compatibilityVersion = "Xcode 3.2";
			developmentRegion = English;
			hasScannedForEncodings = 0;
			knownRegions = (
				en,
				Base,
			);
			mainGroup = 5E60D0591BA2C23000356640;
			productRefGroup = 5E60D0631BA2C23000356640 /* Products */;
			projectDirPath = "";
			projectReferences = (
				{
					ProductGroup = 5E60D0AD1BA2D7FB00356640 /* Products */;
					ProjectRef = 5E60D0AC1BA2D7FB00356640 /* Alamofire.xcodeproj */;
				},
			);
			projectRoot = "";
			targets = (
				5E60D0611BA2C23000356640 /* Swifty JSON */,
				5E60D0761BA2C23000356640 /* Swifty JSONTests */,
			);
		};
/* End PBXProject section */

/* Begin PBXReferenceProxy section */
		5E60D0B41BA2D7FB00356640 /* Alamofire.framework */ = {
			isa = PBXReferenceProxy;
			fileType = wrapper.framework;
			path = Alamofire.framework;
			remoteRef = 5E60D0B31BA2D7FB00356640 /* PBXContainerItemProxy */;
			sourceTree = BUILT_PRODUCTS_DIR;
		};
		5E60D0B61BA2D7FB00356640 /* Alamofire.framework */ = {
			isa = PBXReferenceProxy;
			fileType = wrapper.framework;
			path = Alamofire.framework;
			remoteRef = 5E60D0B51BA2D7FB00356640 /* PBXContainerItemProxy */;
			sourceTree = BUILT_PRODUCTS_DIR;
		};
		5E60D0B81BA2D7FB00356640 /* Alamofire iOS Tests.xctest */ = {
			isa = PBXReferenceProxy;
			fileType = wrapper.cfbundle;
			path = "Alamofire iOS Tests.xctest";
			remoteRef = 5E60D0B71BA2D7FB00356640 /* PBXContainerItemProxy */;
			sourceTree = BUILT_PRODUCTS_DIR;
		};
		5E60D0BA1BA2D7FB00356640 /* Alamofire OSX Tests.xctest */ = {
			isa = PBXReferenceProxy;
			fileType = wrapper.cfbundle;
			path = "Alamofire OSX Tests.xctest";
			remoteRef = 5E60D0B91BA2D7FB00356640 /* PBXContainerItemProxy */;
			sourceTree = BUILT_PRODUCTS_DIR;
		};
/* End PBXReferenceProxy section */

/* Begin PBXResourcesBuildPhase section */
		5E60D0601BA2C23000356640 /* Resources */ = {
			isa = PBXResourcesBuildPhase;
			buildActionMask = 2147483647;
			files = (
				5E60D06D1BA2C23000356640 /* Main.storyboard in Resources */,
				5E60D0721BA2C23000356640 /* LaunchScreen.xib in Resources */,
				5E60D0AA1BA2CFD600356640 /* IQKeyboardManager.bundle in Resources */,
				5E60D06F1BA2C23000356640 /* Images.xcassets in Resources */,
			);
			runOnlyForDeploymentPostprocessing = 0;
		};
		5E60D0751BA2C23000356640 /* Resources */ = {
			isa = PBXResourcesBuildPhase;
			buildActionMask = 2147483647;
			files = (
			);
			runOnlyForDeploymentPostprocessing = 0;
		};
/* End PBXResourcesBuildPhase section */

/* Begin PBXSourcesBuildPhase section */
		5E60D05E1BA2C23000356640 /* Sources */ = {
			isa = PBXSourcesBuildPhase;
			buildActionMask = 2147483647;
			files = (
				5E60D09F1BA2CFD600356640 /* IQUIViewController+Additions.swift in Sources */,
				5E60D06A1BA2C23000356640 /* ViewController.swift in Sources */,
				5E60D0A41BA2CFD600356640 /* IQKeyboardReturnKeyHandler.swift in Sources */,
				5E60D0A21BA2CFD600356640 /* IQKeyboardManagerConstantsInternal.swift in Sources */,
				5E60D0681BA2C23000356640 /* AppDelegate.swift in Sources */,
				5E60D0A51BA2CFD600356640 /* IQTextView.swift in Sources */,
				5E60D09D1BA2CFD600356640 /* IQUITextFieldView+Additions.swift in Sources */,
				5E60D0A11BA2CFD600356640 /* IQKeyboardManagerConstants.swift in Sources */,
				5E60D0A81BA2CFD600356640 /* IQToolbar.swift in Sources */,
				5E60D0A31BA2CFD600356640 /* IQKeyboardManager.swift in Sources */,
				5E60D0A61BA2CFD600356640 /* IQBarButtonItem.swift in Sources */,
				5E60D09E1BA2CFD600356640 /* IQUIView+Hierarchy.swift in Sources */,
				5E60D09C1BA2CFD600356640 /* IQNSArray+Sort.swift in Sources */,
				5E60D0A01BA2CFD600356640 /* IQUIWindow+Hierarchy.swift in Sources */,
				5E60D0C11BA2DB9200356640 /* SwiftyJSON.swift in Sources */,
				5E60D0A91BA2CFD600356640 /* IQUIView+IQKeyboardToolbar.swift in Sources */,
				5E60D0A71BA2CFD600356640 /* IQTitleBarButtonItem.swift in Sources */,
			);
			runOnlyForDeploymentPostprocessing = 0;
		};
		5E60D0731BA2C23000356640 /* Sources */ = {
			isa = PBXSourcesBuildPhase;
			buildActionMask = 2147483647;
			files = (
				5E60D07E1BA2C23000356640 /* Swifty_JSONTests.swift in Sources */,
			);
			runOnlyForDeploymentPostprocessing = 0;
		};
/* End PBXSourcesBuildPhase section */

/* Begin PBXTargetDependency section */
		5E60D0791BA2C23000356640 /* PBXTargetDependency */ = {
			isa = PBXTargetDependency;
			target = 5E60D0611BA2C23000356640 /* Swifty JSON */;
			targetProxy = 5E60D0781BA2C23000356640 /* PBXContainerItemProxy */;
		};
		5E60D0BE1BA2D82D00356640 /* PBXTargetDependency */ = {
			isa = PBXTargetDependency;
			name = "Alamofire iOS";
			targetProxy = 5E60D0BD1BA2D82D00356640 /* PBXContainerItemProxy */;
		};
/* End PBXTargetDependency section */

/* Begin PBXVariantGroup section */
		5E60D06B1BA2C23000356640 /* Main.storyboard */ = {
			isa = PBXVariantGroup;
			children = (
				5E60D06C1BA2C23000356640 /* Base */,
			);
			name = Main.storyboard;
			sourceTree = "<group>";
		};
		5E60D0701BA2C23000356640 /* LaunchScreen.xib */ = {
			isa = PBXVariantGroup;
			children = (
				5E60D0711BA2C23000356640 /* Base */,
			);
			name = LaunchScreen.xib;
			sourceTree = "<group>";
		};
/* End PBXVariantGroup section */

/* Begin XCBuildConfiguration section */
		5E60D07F1BA2C23000356640 /* Debug */ = {
			isa = XCBuildConfiguration;
			buildSettings = {
				ALWAYS_SEARCH_USER_PATHS = NO;
				CLANG_CXX_LANGUAGE_STANDARD = "gnu++0x";
				CLANG_CXX_LIBRARY = "libc++";
				CLANG_ENABLE_MODULES = YES;
				CLANG_ENABLE_OBJC_ARC = YES;
				CLANG_WARN_BOOL_CONVERSION = YES;
				CLANG_WARN_CONSTANT_CONVERSION = YES;
				CLANG_WARN_DIRECT_OBJC_ISA_USAGE = YES_ERROR;
				CLANG_WARN_EMPTY_BODY = YES;
				CLANG_WARN_ENUM_CONVERSION = YES;
				CLANG_WARN_INT_CONVERSION = YES;
				CLANG_WARN_OBJC_ROOT_CLASS = YES_ERROR;
				CLANG_WARN_UNREACHABLE_CODE = YES;
				CLANG_WARN__DUPLICATE_METHOD_MATCH = YES;
				"CODE_SIGN_IDENTITY[sdk=iphoneos*]" = "iPhone Developer";
				COPY_PHASE_STRIP = NO;
				DEBUG_INFORMATION_FORMAT = "dwarf-with-dsym";
				ENABLE_STRICT_OBJC_MSGSEND = YES;
				GCC_C_LANGUAGE_STANDARD = gnu99;
				GCC_DYNAMIC_NO_PIC = NO;
				GCC_NO_COMMON_BLOCKS = YES;
				GCC_OPTIMIZATION_LEVEL = 0;
				GCC_PREPROCESSOR_DEFINITIONS = (
					"DEBUG=1",
					"$(inherited)",
				);
				GCC_SYMBOLS_PRIVATE_EXTERN = NO;
				GCC_WARN_64_TO_32_BIT_CONVERSION = YES;
				GCC_WARN_ABOUT_RETURN_TYPE = YES_ERROR;
				GCC_WARN_UNDECLARED_SELECTOR = YES;
				GCC_WARN_UNINITIALIZED_AUTOS = YES_AGGRESSIVE;
				GCC_WARN_UNUSED_FUNCTION = YES;
				GCC_WARN_UNUSED_VARIABLE = YES;
				IPHONEOS_DEPLOYMENT_TARGET = 8.4;
				MTL_ENABLE_DEBUG_INFO = YES;
				ONLY_ACTIVE_ARCH = YES;
				SDKROOT = iphoneos;
				SWIFT_OPTIMIZATION_LEVEL = "-Onone";
				TARGETED_DEVICE_FAMILY = "1,2";
			};
			name = Debug;
		};
		5E60D0801BA2C23000356640 /* Release */ = {
			isa = XCBuildConfiguration;
			buildSettings = {
				ALWAYS_SEARCH_USER_PATHS = NO;
				CLANG_CXX_LANGUAGE_STANDARD = "gnu++0x";
				CLANG_CXX_LIBRARY = "libc++";
				CLANG_ENABLE_MODULES = YES;
				CLANG_ENABLE_OBJC_ARC = YES;
				CLANG_WARN_BOOL_CONVERSION = YES;
				CLANG_WARN_CONSTANT_CONVERSION = YES;
				CLANG_WARN_DIRECT_OBJC_ISA_USAGE = YES_ERROR;
				CLANG_WARN_EMPTY_BODY = YES;
				CLANG_WARN_ENUM_CONVERSION = YES;
				CLANG_WARN_INT_CONVERSION = YES;
				CLANG_WARN_OBJC_ROOT_CLASS = YES_ERROR;
				CLANG_WARN_UNREACHABLE_CODE = YES;
				CLANG_WARN__DUPLICATE_METHOD_MATCH = YES;
				"CODE_SIGN_IDENTITY[sdk=iphoneos*]" = "iPhone Developer";
				COPY_PHASE_STRIP = NO;
				DEBUG_INFORMATION_FORMAT = "dwarf-with-dsym";
				ENABLE_NS_ASSERTIONS = NO;
				ENABLE_STRICT_OBJC_MSGSEND = YES;
				GCC_C_LANGUAGE_STANDARD = gnu99;
				GCC_NO_COMMON_BLOCKS = YES;
				GCC_WARN_64_TO_32_BIT_CONVERSION = YES;
				GCC_WARN_ABOUT_RETURN_TYPE = YES_ERROR;
				GCC_WARN_UNDECLARED_SELECTOR = YES;
				GCC_WARN_UNINITIALIZED_AUTOS = YES_AGGRESSIVE;
				GCC_WARN_UNUSED_FUNCTION = YES;
				GCC_WARN_UNUSED_VARIABLE = YES;
				IPHONEOS_DEPLOYMENT_TARGET = 8.4;
				MTL_ENABLE_DEBUG_INFO = NO;
				SDKROOT = iphoneos;
				TARGETED_DEVICE_FAMILY = "1,2";
				VALIDATE_PRODUCT = YES;
			};
			name = Release;
		};
		5E60D0821BA2C23000356640 /* Debug */ = {
			isa = XCBuildConfiguration;
			buildSettings = {
				ASSETCATALOG_COMPILER_APPICON_NAME = AppIcon;
				INFOPLIST_FILE = "Swifty JSON/Info.plist";
				IPHONEOS_DEPLOYMENT_TARGET = 8.0;
				LD_RUNPATH_SEARCH_PATHS = "$(inherited) @executable_path/Frameworks";
				PRODUCT_NAME = "$(TARGET_NAME)";
			};
			name = Debug;
		};
		5E60D0831BA2C23000356640 /* Release */ = {
			isa = XCBuildConfiguration;
			buildSettings = {
				ASSETCATALOG_COMPILER_APPICON_NAME = AppIcon;
				INFOPLIST_FILE = "Swifty JSON/Info.plist";
				IPHONEOS_DEPLOYMENT_TARGET = 8.0;
				LD_RUNPATH_SEARCH_PATHS = "$(inherited) @executable_path/Frameworks";
				PRODUCT_NAME = "$(TARGET_NAME)";
			};
			name = Release;
		};
		5E60D0851BA2C23000356640 /* Debug */ = {
			isa = XCBuildConfiguration;
			buildSettings = {
				BUNDLE_LOADER = "$(TEST_HOST)";
				FRAMEWORK_SEARCH_PATHS = (
					"$(SDKROOT)/Developer/Library/Frameworks",
					"$(inherited)",
				);
				GCC_PREPROCESSOR_DEFINITIONS = (
					"DEBUG=1",
					"$(inherited)",
				);
				INFOPLIST_FILE = "Swifty JSONTests/Info.plist";
				LD_RUNPATH_SEARCH_PATHS = "$(inherited) @executable_path/Frameworks @loader_path/Frameworks";
				PRODUCT_NAME = "$(TARGET_NAME)";
				TEST_HOST = "$(BUILT_PRODUCTS_DIR)/Swifty JSON.app/Swifty JSON";
			};
			name = Debug;
		};
		5E60D0861BA2C23000356640 /* Release */ = {
			isa = XCBuildConfiguration;
			buildSettings = {
				BUNDLE_LOADER = "$(TEST_HOST)";
				FRAMEWORK_SEARCH_PATHS = (
					"$(SDKROOT)/Developer/Library/Frameworks",
					"$(inherited)",
				);
				INFOPLIST_FILE = "Swifty JSONTests/Info.plist";
				LD_RUNPATH_SEARCH_PATHS = "$(inherited) @executable_path/Frameworks @loader_path/Frameworks";
				PRODUCT_NAME = "$(TARGET_NAME)";
				TEST_HOST = "$(BUILT_PRODUCTS_DIR)/Swifty JSON.app/Swifty JSON";
			};
			name = Release;
		};
/* End XCBuildConfiguration section */

/* Begin XCConfigurationList section */
		5E60D05D1BA2C23000356640 /* Build configuration list for PBXProject "Swifty JSON" */ = {
			isa = XCConfigurationList;
			buildConfigurations = (
				5E60D07F1BA2C23000356640 /* Debug */,
				5E60D0801BA2C23000356640 /* Release */,
			);
			defaultConfigurationIsVisible = 0;
			defaultConfigurationName = Release;
		};
		5E60D0811BA2C23000356640 /* Build configuration list for PBXNativeTarget "Swifty JSON" */ = {
			isa = XCConfigurationList;
			buildConfigurations = (
				5E60D0821BA2C23000356640 /* Debug */,
				5E60D0831BA2C23000356640 /* Release */,
			);
			defaultConfigurationIsVisible = 0;
			defaultConfigurationName = Release;
		};
		5E60D0841BA2C23000356640 /* Build configuration list for PBXNativeTarget "Swifty JSONTests" */ = {
			isa = XCConfigurationList;
			buildConfigurations = (
				5E60D0851BA2C23000356640 /* Debug */,
				5E60D0861BA2C23000356640 /* Release */,
			);
			defaultConfigurationIsVisible = 0;
			defaultConfigurationName = Release;
		};
/* End XCConfigurationList section */
	};
	rootObject = 5E60D05A1BA2C23000356640 /* Project object */;
}
